
Microsoft Visual Studio Solution File, Format Version 12.00
# Visual Studio 2012
Project("{FAE04EC0-301F-11D3-BF4B-00C04F79EFBC}") = "WormHoleSharp", "WormHoleSharp\WormHoleSharp.csproj", "{B34F9D50-11B7-429E-8AE4-BC2AA61F1519}"
EndProject
Project("{2150E333-8FDC-42A3-9474-1A3956D46DE8}") = "Sample", "Sample", "{6A9DE5F7-E665-40E0-83BB-ED0B508D6372}"
EndProject
Project("{FAE04EC0-301F-11D3-BF4B-00C04F79EFBC}") = "SampleApp", "Sample\SampleApp\SampleApp.csproj", "{EC3C4355-E12E-44FD-81E9-030B64B33564}"
EndProject
Project("{FAE04EC0-301F-11D3-BF4B-00C04F79EFBC}") = "SampleAppWatchKitApp", "Sample\SampleApp\SampleAppWatchKitApp\SampleAppWatchKitApp.csproj", "{0B8D223D-B130-4E13-961D-A1BB5C5F7035}"
EndProject
Project("{FAE04EC0-301F-11D3-BF4B-00C04F79EFBC}") = "SampleAppWatchKitExtension", "Sample\SampleApp\SampleAppWatchKitExtension\SampleAppWatchKitExtension.csproj", "{164240F0-AB54-452B-9BBE-C384D86AC7AE}"
EndProject
Global
	GlobalSection(SolutionConfigurationPlatforms) = preSolution
		Debug|Any CPU = Debug|Any CPU
		Release|Any CPU = Release|Any CPU
		Debug|iPhoneSimulator = Debug|iPhoneSimulator
		Release|iPhoneSimulator = Release|iPhoneSimulator
		Debug|iPhone = Debug|iPhone
		Release|iPhone = Release|iPhone
		Ad-Hoc|iPhone = Ad-Hoc|iPhone
		AppStore|iPhone = AppStore|iPhone
	EndGlobalSection
	GlobalSection(ProjectConfigurationPlatforms) = postSolution
		{0B8D223D-B130-4E13-961D-A1BB5C5F7035}.Ad-Hoc|iPhone.ActiveCfg = Release|iPhone
		{0B8D223D-B130-4E13-961D-A1BB5C5F7035}.Ad-Hoc|iPhone.Build.0 = Release|iPhone
		{0B8D223D-B130-4E13-961D-A1BB5C5F7035}.AppStore|iPhone.ActiveCfg = Release|iPhone
		{0B8D223D-B130-4E13-961D-A1BB5C5F7035}.AppStore|iPhone.Build.0 = Release|iPhone
		{0B8D223D-B130-4E13-961D-A1BB5C5F7035}.Debug|Any CPU.ActiveCfg = Debug|iPhoneSimulator
		{0B8D223D-B130-4E13-961D-A1BB5C5F7035}.Debug|Any CPU.Build.0 = Debug|iPhoneSimulator
		{0B8D223D-B130-4E13-961D-A1BB5C5F7035}.Debug|iPhone.ActiveCfg = Debug|iPhone
		{0B8D223D-B130-4E13-961D-A1BB5C5F7035}.Debug|iPhone.Build.0 = Debug|iPhone
		{0B8D223D-B130-4E13-961D-A1BB5C5F7035}.Debug|iPhoneSimulator.ActiveCfg = Debug|iPhoneSimulator
		{0B8D223D-B130-4E13-961D-A1BB5C5F7035}.Debug|iPhoneSimulator.Build.0 = Debug|iPhoneSimulator
		{0B8D223D-B130-4E13-961D-A1BB5C5F7035}.Release|Any CPU.ActiveCfg = Release|iPhone
		{0B8D223D-B130-4E13-961D-A1BB5C5F7035}.Release|Any CPU.Build.0 = Release|iPhone
		{0B8D223D-B130-4E13-961D-A1BB5C5F7035}.Release|iPhone.ActiveCfg = Release|iPhone
		{0B8D223D-B130-4E13-961D-A1BB5C5F7035}.Release|iPhone.Build.0 = Release|iPhone
		{0B8D223D-B130-4E13-961D-A1BB5C5F7035}.Release|iPhoneSimulator.ActiveCfg = Release|iPhoneSimulator
		{0B8D223D-B130-4E13-961D-A1BB5C5F7035}.Release|iPhoneSimulator.Build.0 = Release|iPhoneSimulator
		{164240F0-AB54-452B-9BBE-C384D86AC7AE}.Ad-Hoc|iPhone.ActiveCfg = Release|iPhone
		{164240F0-AB54-452B-9BBE-C384D86AC7AE}.Ad-Hoc|iPhone.Build.0 = Release|iPhone
		{164240F0-AB54-452B-9BBE-C384D86AC7AE}.AppStore|iPhone.ActiveCfg = Release|iPhone
		{164240F0-AB54-452B-9BBE-C384D86AC7AE}.AppStore|iPhone.Build.0 = Release|iPhone
		{164240F0-AB54-452B-9BBE-C384D86AC7AE}.Debug|Any CPU.ActiveCfg = Debug|iPhoneSimulator
		{164240F0-AB54-452B-9BBE-C384D86AC7AE}.Debug|Any CPU.Build.0 = Debug|iPhoneSimulator
		{164240F0-AB54-452B-9BBE-C384D86AC7AE}.Debug|iPhone.ActiveCfg = Debug|iPhone
		{164240F0-AB54-452B-9BBE-C384D86AC7AE}.Debug|iPhone.Build.0 = Debug|iPhone
		{164240F0-AB54-452B-9BBE-C384D86AC7AE}.Debug|iPhoneSimulator.ActiveCfg = Debug|iPhoneSimulator
		{164240F0-AB54-452B-9BBE-C384D86AC7AE}.Debug|iPhoneSimulator.Build.0 = Debug|iPhoneSimulator
		{164240F0-AB54-452B-9BBE-C384D86AC7AE}.Release|Any CPU.ActiveCfg = Release|iPhone
		{164240F0-AB54-452B-9BBE-C384D86AC7AE}.Release|Any CPU.Build.0 = Release|iPhone
		{164240F0-AB54-452B-9BBE-C384D86AC7AE}.Release|iPhone.ActiveCfg = Release|iPhone
		{164240F0-AB54-452B-9BBE-C384D86AC7AE}.Release|iPhone.Build.0 = Release|iPhone
		{164240F0-AB54-452B-9BBE-C384D86AC7AE}.Release|iPhoneSimulator.ActiveCfg = Release|iPhoneSimulator
		{164240F0-AB54-452B-9BBE-C384D86AC7AE}.Release|iPhoneSimulator.Build.0 = Release|iPhoneSimulator
		{B34F9D50-11B7-429E-8AE4-BC2AA61F1519}.Ad-Hoc|iPhone.ActiveCfg = Debug|Any CPU
		{B34F9D50-11B7-429E-8AE4-BC2AA61F1519}.Ad-Hoc|iPhone.Build.0 = Debug|Any CPU
		{B34F9D50-11B7-429E-8AE4-BC2AA61F1519}.AppStore|iPhone.ActiveCfg = Debug|Any CPU
		{B34F9D50-11B7-429E-8AE4-BC2AA61F1519}.AppStore|iPhone.Build.0 = Debug|Any CPU
		{B34F9D50-11B7-429E-8AE4-BC2AA61F1519}.Debug|Any CPU.ActiveCfg = Debug|Any CPU
		{B34F9D50-11B7-429E-8AE4-BC2AA61F1519}.Debug|Any CPU.Build.0 = Debug|Any CPU
		{B34F9D50-11B7-429E-8AE4-BC2AA61F1519}.Debug|iPhone.ActiveCfg = Debug|Any CPU
		{B34F9D50-11B7-429E-8AE4-BC2AA61F1519}.Debug|iPhone.Build.0 = Debug|Any CPU
		{B34F9D50-11B7-429E-8AE4-BC2AA61F1519}.Debug|iPhoneSimulator.ActiveCfg = Debug|Any CPU
		{B34F9D50-11B7-429E-8AE4-BC2AA61F1519}.Debug|iPhoneSimulator.Build.0 = Debug|Any CPU
		{B34F9D50-11B7-429E-8AE4-BC2AA61F1519}.Release|Any CPU.ActiveCfg = Release|Any CPU
		{B34F9D50-11B7-429E-8AE4-BC2AA61F1519}.Release|Any CPU.Build.0 = Release|Any CPU
		{B34F9D50-11B7-429E-8AE4-BC2AA61F1519}.Release|iPhone.ActiveCfg = Release|Any CPU
		{B34F9D50-11B7-429E-8AE4-BC2AA61F1519}.Release|iPhone.Build.0 = Release|Any CPU
		{B34F9D50-11B7-429E-8AE4-BC2AA61F1519}.Release|iPhoneSimulator.ActiveCfg = Release|Any CPU
		{B34F9D50-11B7-429E-8AE4-BC2AA61F1519}.Release|iPhoneSimulator.Build.0 = Release|Any CPU
		{EC3C4355-E12E-44FD-81E9-030B64B33564}.Ad-Hoc|iPhone.ActiveCfg = Ad-Hoc|iPhone
		{EC3C4355-E12E-44FD-81E9-030B64B33564}.Ad-Hoc|iPhone.Build.0 = Ad-Hoc|iPhone
		{EC3C4355-E12E-44FD-81E9-030B64B33564}.AppStore|iPhone.ActiveCfg = AppStore|iPhone
		{EC3C4355-E12E-44FD-81E9-030B64B33564}.AppStore|iPhone.Build.0 = AppStore|iPhone
		{EC3C4355-E12E-44FD-81E9-030B64B33564}.Debug|Any CPU.ActiveCfg = Debug|iPhoneSimulator
		{EC3C4355-E12E-44FD-81E9-030B64B33564}.Debug|Any CPU.Build.0 = Debug|iPhoneSimulator
		{EC3C4355-E12E-44FD-81E9-030B64B33564}.Debug|iPhone.ActiveCfg = Debug|iPhone
		{EC3C4355-E12E-44FD-81E9-030B64B33564}.Debug|iPhone.Build.0 = Debug|iPhone
		{EC3C4355-E12E-44FD-81E9-030B64B33564}.Debug|iPhoneSimulator.ActiveCfg = Debug|iPhoneSimulator
		{EC3C4355-E12E-44FD-81E9-030B64B33564}.Debug|iPhoneSimulator.Build.0 = Debug|iPhoneSimulator
		{EC3C4355-E12E-44FD-81E9-030B64B33564}.Release|Any CPU.ActiveCfg = Release|iPhoneSimulator
		{EC3C4355-E12E-44FD-81E9-030B64B33564}.Release|Any CPU.Build.0 = Release|iPhoneSimulator
		{EC3C4355-E12E-44FD-81E9-030B64B33564}.Release|iPhone.ActiveCfg = Release|iPhone
		{EC3C4355-E12E-44FD-81E9-030B64B33564}.Release|iPhone.Build.0 = Release|iPhone
		{EC3C4355-E12E-44FD-81E9-030B64B33564}.Release|iPhoneSimulator.ActiveCfg = Release|iPhoneSimulator
		{EC3C4355-E12E-44FD-81E9-030B64B33564}.Release|iPhoneSimulator.Build.0 = Release|iPhoneSimulator
	EndGlobalSection
	GlobalSection(NestedProjects) = preSolution
		{EC3C4355-E12E-44FD-81E9-030B64B33564} = {6A9DE5F7-E665-40E0-83BB-ED0B508D6372}
		{0B8D223D-B130-4E13-961D-A1BB5C5F7035} = {6A9DE5F7-E665-40E0-83BB-ED0B508D6372}
		{164240F0-AB54-452B-9BBE-C384D86AC7AE} = {6A9DE5F7-E665-40E0-83BB-ED0B508D6372}
	EndGlobalSection
EndGlobal
